
Microsoft Visual Studio Solution File, Format Version 12.00
# Visual Studio Version 17
VisualStudioVersion = 17.6.33723.286
MinimumVisualStudioVersion = 10.0.40219.1
Project("{FAE04EC0-301F-11D3-BF4B-00C04F79EFBC}") = "TrainAssignmentLibrary", "TrainAssignmentLibrary\TrainAssignmentLibrary.csproj", "{CE7E9020-7215-4657-8B88-031F2F890C94}"
EndProject
Project("{FAE04EC0-301F-11D3-BF4B-00C04F79EFBC}") = "TrainTests", "TestProject3\TrainTests.csproj", "{8CE118A7-C043-4A49-8C6C-10B3742DC5CD}"
EndProject
Global
	GlobalSection(SolutionConfigurationPlatforms) = preSolution
		Debug|Any CPU = Debug|Any CPU
		Release|Any CPU = Release|Any CPU
	EndGlobalSection
	GlobalSection(ProjectConfigurationPlatforms) = postSolution
		{CE7E9020-7215-4657-8B88-031F2F890C94}.Debug|Any CPU.ActiveCfg = Debug|Any CPU
		{CE7E9020-7215-4657-8B88-031F2F890C94}.Debug|Any CPU.Build.0 = Debug|Any CPU
		{CE7E9020-7215-4657-8B88-031F2F890C94}.Release|Any CPU.ActiveCfg = Release|Any CPU
		{CE7E9020-7215-4657-8B88-031F2F890C94}.Release|Any CPU.Build.0 = Release|Any CPU
		{8CE118A7-C043-4A49-8C6C-10B3742DC5CD}.Debug|Any CPU.ActiveCfg = Debug|Any CPU
		{8CE118A7-C043-4A49-8C6C-10B3742DC5CD}.Debug|Any CPU.Build.0 = Debug|Any CPU
		{8CE118A7-C043-4A49-8C6C-10B3742DC5CD}.Release|Any CPU.ActiveCfg = Release|Any CPU
		{8CE118A7-C043-4A49-8C6C-10B3742DC5CD}.Release|Any CPU.Build.0 = Release|Any CPU
	EndGlobalSection
	GlobalSection(SolutionProperties) = preSolution
		HideSolutionNode = FALSE
	EndGlobalSection
	GlobalSection(ExtensibilityGlobals) = postSolution
		SolutionGuid = {3E0860EC-653A-4B86-A974-2DC3E6F1C96A}
	EndGlobalSection
EndGlobal
